{
  "name": "collab-server",
  "version": "1.0.0",
  "lockfileVersion": 1,
  "requires": true,
  "dependencies": {
    "@types/esrever": {
      "version": "0.2.0",
      "resolved": "https://registry.npmjs.org/@types/esrever/-/esrever-0.2.0.tgz",
      "integrity": "sha512-5NI6TeGzVEy/iBcuYtcPzzIC6EqlfQ2+UZ54vT0ulq8bPNGAy8UJD+XcsAyEOcnYFUjOVWuUV+k4/rVkxt9/XQ=="
    },
    "esrever": {
      "version": "0.2.0",
      "resolved": "https://registry.npmjs.org/esrever/-/esrever-0.2.0.tgz",
      "integrity": "sha1-lunSj08bGnZ4TNXUkOquAQ50B7g="
    },
    "immer": {
      "version": "5.3.6",
      "resolved": "https://registry.npmjs.org/immer/-/immer-5.3.6.tgz",
      "integrity": "sha512-pqWQ6ozVfNOUDjrLfm4Pt7q4Q12cGw2HUZgry4Q5+Myxu9nmHRkWBpI0J4+MK0AxbdFtdMTwEGVl7Vd+vEiK+A=="
    },
    "is-plain-object": {
      "version": "3.0.0",
      "resolved": "https://registry.npmjs.org/is-plain-object/-/is-plain-object-3.0.0.tgz",
      "integrity": "sha512-tZIpofR+P05k8Aocp7UI/2UTa9lTJSebCXpFFoR9aibpokDj/uXBsJ8luUu0tTVYKkMU6URDUuOfJZ7koewXvg==",
      "requires": {
        "isobject": "^4.0.0"
      }
    },
    "isobject": {
      "version": "4.0.0",
      "resolved": "https://registry.npmjs.org/isobject/-/isobject-4.0.0.tgz",
      "integrity": "sha512-S/2fF5wH8SJA/kmwr6HYhK/RI/OkhD84k8ntalo0iJjZikgq1XFvR5M8NPT1x5F7fBwCG3qHfnzeP/Vh/ZxCUA=="
    },
    "slate": {
      "version": "0.57.2",
      "resolved": "https://registry.npmjs.org/slate/-/slate-0.57.2.tgz",
      "integrity": "sha512-qxx9iwNmN3fn13hPbwh1p65aNLCgpHMMK/XXLX7rBVv+GT2UFys9tU8OK6FyUF/lU2uEJ++sScDu8cHjzwLefw==",
      "requires": {
        "@types/esrever": "^0.2.0",
        "esrever": "^0.2.0",
        "immer": "^5.0.0",
        "is-plain-object": "^3.0.0",
        "tiny-warning": "^1.0.3"
      }
    },
    "tiny-warning": {
      "version": "1.0.3",
      "resolved": "https://registry.npmjs.org/tiny-warning/-/tiny-warning-1.0.3.tgz",
      "integrity": "sha512-lBN9zLN/oAf68o3zNXYrdCt1kP8WsiGW8Oo2ka41b2IM5JL/S1CTyX1rW0mb/zSuJun0ZUrDxx4sqvYS2FWzPA=="
    },
    "ws": {
      "version": "7.2.3",
      "resolved": "https://registry.npmjs.org/ws/-/ws-7.2.3.tgz",
      "integrity": "sha512-HTDl9G9hbkNDk98naoR/cHDws7+EyYMOdL1BmjsZXRUjf7d+MficC4B7HLUPlSiho0vg+CWKrGIt/VJBd1xunQ=="
    }
  }
}
