# THIS IS AN AUTOGENERATED FILE. DO NOT EDIT THIS FILE DIRECTLY.
# yarn lockfile v1


"@teamwork/websocket-json-stream@^2.0.0":
  version "2.0.0"
  resolved "https://registry.yarnpkg.com/@teamwork/websocket-json-stream/-/websocket-json-stream-2.0.0.tgz#4eba02b1fde23112beef0080a84a4e6db251877e"
  integrity sha512-SCEM44hjNyxYwrtyJrjlHmeTd9RJlZr04BAMbHSBhdW0M2IXv0SC+4XeuRXPiY7U7pJ0W8TSUwVP/28MV/ds0w==

"@types/esrever@^0.2.0":
  version "0.2.0"
  resolved "https://registry.yarnpkg.com/@types/esrever/-/esrever-0.2.0.tgz#96404a2284b2c7527f08a1e957f8a31705f9880f"
  integrity sha512-5NI6TeGzVEy/iBcuYtcPzzIC6EqlfQ2+UZ54vT0ulq8bPNGAy8UJD+XcsAyEOcnYFUjOVWuUV+k4/rVkxt9/XQ==

arraydiff@^0.1.1:
  version "0.1.3"
  resolved "https://registry.yarnpkg.com/arraydiff/-/arraydiff-0.1.3.tgz#86a5436d7b72f1bdda5fd6d74e8724e42f83ce4d"
  integrity sha1-hqVDbXty8b3aX9bXTock5C+Dzk0=

async@^2.6.3:
  version "2.6.3"
  resolved "https://registry.yarnpkg.com/async/-/async-2.6.3.tgz#d72625e2344a3656e3a3ad4fa749fa83299d82ff"
  integrity sha512-zflvls11DCy+dQWzTW2dzuilv8Z5X/pjfmZOWba6TNIVDm+2UDaJmXSOXlasHKfNBs8oo3M0aT50fDEWfKZjXg==
  dependencies:
    lodash "^4.17.14"

esrever@^0.2.0:
  version "0.2.0"
  resolved "https://registry.yarnpkg.com/esrever/-/esrever-0.2.0.tgz#96e9d28f4f1b1a76784cd5d490eaae010e7407b8"
  integrity sha1-lunSj08bGnZ4TNXUkOquAQ50B7g=

fast-deep-equal@^2.0.1:
  version "2.0.1"
  resolved "https://registry.yarnpkg.com/fast-deep-equal/-/fast-deep-equal-2.0.1.tgz#7b05218ddf9667bf7f370bf7fdb2cb15fdd0aa49"
  integrity sha1-ewUhjd+WZ79/Nwv3/bLLFf3Qqkk=

hat@0.0.3:
  version "0.0.3"
  resolved "https://registry.yarnpkg.com/hat/-/hat-0.0.3.tgz#bb014a9e64b3788aed8005917413d4ff3d502d8a"
  integrity sha1-uwFKnmSzeIrtgAWRdBPU/z1QLYo=

immer@^5.0.0:
  version "5.3.6"
  resolved "https://registry.yarnpkg.com/immer/-/immer-5.3.6.tgz#51eab8cbbeb13075fe2244250f221598818cac04"
  integrity sha512-pqWQ6ozVfNOUDjrLfm4Pt7q4Q12cGw2HUZgry4Q5+Myxu9nmHRkWBpI0J4+MK0AxbdFtdMTwEGVl7Vd+vEiK+A==

is-plain-object@^3.0.0:
  version "3.0.0"
  resolved "https://registry.yarnpkg.com/is-plain-object/-/is-plain-object-3.0.0.tgz#47bfc5da1b5d50d64110806c199359482e75a928"
  integrity sha512-tZIpofR+P05k8Aocp7UI/2UTa9lTJSebCXpFFoR9aibpokDj/uXBsJ8luUu0tTVYKkMU6URDUuOfJZ7koewXvg==
  dependencies:
    isobject "^4.0.0"

isobject@^4.0.0:
  version "4.0.0"
  resolved "https://registry.yarnpkg.com/isobject/-/isobject-4.0.0.tgz#3f1c9155e73b192022a80819bacd0343711697b0"
  integrity sha512-S/2fF5wH8SJA/kmwr6HYhK/RI/OkhD84k8ntalo0iJjZikgq1XFvR5M8NPT1x5F7fBwCG3qHfnzeP/Vh/ZxCUA==

lodash@^4.17.14:
  version "4.17.15"
  resolved "https://registry.yarnpkg.com/lodash/-/lodash-4.17.15.tgz#b447f6670a0455bbfeedd11392eff330ea097548"
  integrity sha512-8xOcRHvCjnocdS5cpwXQXVzmmh5e5+saE2QGoeQmbKmRS6J3VQppPOIt0MnmE+4xlZoumy0GPG0D0MVIQbNA1A==

ot-json0@^1.0.1:
  version "1.1.0"
  resolved "https://registry.yarnpkg.com/ot-json0/-/ot-json0-1.1.0.tgz#f5edeff162673b62f0f136bb64724c40ac5e590d"
  integrity sha512-wf5fci7GGpMYRDnbbdIFQymvhsbFACMHtxjivQo5KgvAHlxekyfJ9aPsRr6YfFQthQkk4bmsl5yESrZwC/oMYQ==

ot-json1@^0.2.4:
  version "0.2.4"
  resolved "https://registry.yarnpkg.com/ot-json1/-/ot-json1-0.2.4.tgz#2e524eb5c59d5f9cb48d95edc0c54ef40e12d3a3"
  integrity sha512-nVZPpPZDBwZo2VrmZzFX3PTusEX0E1esbqMqo8sM9tRDzMFgRMQLssSmxG1nKL43ycbECJywepAAWfsRzUWFUQ==
  dependencies:
    ot-text-unicode "^3.0.0"

ot-text-unicode@^3.0.0:
  version "3.0.0"
  resolved "https://registry.yarnpkg.com/ot-text-unicode/-/ot-text-unicode-3.0.0.tgz#95a0e762227e554567db70ed022afa08ea4faa6b"
  integrity sha512-YwVxEFVLV9WE40KavenjlHy3Y0C2OZoJeNCHKEpJlmu/scJaY9tlSrlYNBU7WJgboIz/IoKsd0Poxf+SYLRmrw==
  dependencies:
    unicount "^1.0.0"

sharedb@^1.3.3:
  version "1.3.3"
  resolved "https://registry.yarnpkg.com/sharedb/-/sharedb-1.3.3.tgz#7639d400750c1d180bed98bd1a1a7efff89efe15"
  integrity sha512-mCjyIDHXYPTvj9AZrG+ZLcmXIY28Adb0e2n6+WGVZChQNk8e3VifeU0+qcxlB7xE1WeDcx9vbYO6JdDHOl2QDQ==
  dependencies:
    arraydiff "^0.1.1"
    async "^2.6.3"
    fast-deep-equal "^2.0.1"
    hat "0.0.3"
    ot-json0 "^1.0.1"

slate@^0.57.2:
  version "0.57.2"
  resolved "https://registry.yarnpkg.com/slate/-/slate-0.57.2.tgz#f45fb7a4b767c7a7a3b93365c3a446049d947f3e"
  integrity sha512-qxx9iwNmN3fn13hPbwh1p65aNLCgpHMMK/XXLX7rBVv+GT2UFys9tU8OK6FyUF/lU2uEJ++sScDu8cHjzwLefw==
  dependencies:
    "@types/esrever" "^0.2.0"
    esrever "^0.2.0"
    immer "^5.0.0"
    is-plain-object "^3.0.0"
    tiny-warning "^1.0.3"

tiny-warning@^1.0.3:
  version "1.0.3"
  resolved "https://registry.yarnpkg.com/tiny-warning/-/tiny-warning-1.0.3.tgz#94a30db453df4c643d0fd566060d60a875d84754"
  integrity sha512-lBN9zLN/oAf68o3zNXYrdCt1kP8WsiGW8Oo2ka41b2IM5JL/S1CTyX1rW0mb/zSuJun0ZUrDxx4sqvYS2FWzPA==

unicount@^1.0.0:
  version "1.0.0"
  resolved "https://registry.yarnpkg.com/unicount/-/unicount-1.0.0.tgz#647e27d960b0468eec447da4575e9787a9fdab63"
  integrity sha512-laO0gw4tnW759KI25w8z+58D4K+pnXehZvfKdFj3meYn/NSH85/0I8Gb4jj32tuZaX7zv1rSeP2K87rdChIZUw==

ws@^7.2.5:
  version "7.2.5"
  resolved "https://registry.yarnpkg.com/ws/-/ws-7.2.5.tgz#abb1370d4626a5a9cd79d8de404aa18b3465d10d"
  integrity sha512-C34cIU4+DB2vMyAbmEKossWq2ZQDr6QEyuuCzWrM9zfw1sGc0mYiJ0UnG9zzNykt49C2Fi34hvr2vssFQRS6EA==
